{
  "object": {
    "pins": [
      {
        "package": "Charts",
        "repositoryURL": "git@github.com:danielgindi/Charts.git",
        "state": {
          "branch": null,
          "revision": "7ac4a05e83d279bac305a472af9128c2a0eca3d7",
          "version": "3.5.0"
        }
      }
    ]
  },
  "version": 1
}
